// !$*UTF8*$!
{
	archiveVersion = 1;
	classes = {
	};
	objectVersion = 56;
	objects = {

/* Begin PBXBuildFile section */
		419D8A992A221C7E00B087B9 /* AppDelegate.swift in Sources */ = {isa = PBXBuildFile; fileRef = 419D8A982A221C7E00B087B9 /* AppDelegate.swift */; };
		419D8A9B2A221C7E00B087B9 /* SceneDelegate.swift in Sources */ = {isa = PBXBuildFile; fileRef = 419D8A9A2A221C7E00B087B9 /* SceneDelegate.swift */; };
		419D8A9D2A221C7E00B087B9 /* ViewController.swift in Sources */ = {isa = PBXBuildFile; fileRef = 419D8A9C2A221C7E00B087B9 /* ViewController.swift */; };
		419D8AA02A221C7E00B087B9 /* Main.storyboard in Resources */ = {isa = PBXBuildFile; fileRef = 419D8A9E2A221C7E00B087B9 /* Main.storyboard */; };
		419D8AA22A221C7E00B087B9 /* Assets.xcassets in Resources */ = {isa = PBXBuildFile; fileRef = 419D8AA12A221C7E00B087B9 /* Assets.xcassets */; };
		419D8AA52A221C7E00B087B9 /* LaunchScreen.storyboard in Resources */ = {isa = PBXBuildFile; fileRef = 419D8AA32A221C7E00B087B9 /* LaunchScreen.storyboard */; };
		419D8AB02A221C7F00B087B9 /* random_dogsTests.swift in Sources */ = {isa = PBXBuildFile; fileRef = 419D8AAF2A221C7F00B087B9 /* random_dogsTests.swift */; };
		419D8ABA2A221C7F00B087B9 /* random_dogsUITests.swift in Sources */ = {isa = PBXBuildFile; fileRef = 419D8AB92A221C7F00B087B9 /* random_dogsUITests.swift */; };
		419D8ABC2A221C7F00B087B9 /* random_dogsUITestsLaunchTests.swift in Sources */ = {isa = PBXBuildFile; fileRef = 419D8ABB2A221C7F00B087B9 /* random_dogsUITestsLaunchTests.swift */; };
/* End PBXBuildFile section */

/* Begin PBXContainerItemProxy section */
		419D8AAC2A221C7F00B087B9 /* PBXContainerItemProxy */ = {
			isa = PBXContainerItemProxy;
			containerPortal = 419D8A8D2A221C7E00B087B9 /* Project object */;
			proxyType = 1;
			remoteGlobalIDString = 419D8A942A221C7E00B087B9;
			remoteInfo = "random-dogs";
		};
		419D8AB62A221C7F00B087B9 /* PBXContainerItemProxy */ = {
			isa = PBXContainerItemProxy;
			containerPortal = 419D8A8D2A221C7E00B087B9 /* Project object */;
			proxyType = 1;
			remoteGlobalIDString = 419D8A942A221C7E00B087B9;
			remoteInfo = "random-dogs";
		};
/* End PBXContainerItemProxy section */

/* Begin PBXFileReference section */
		419D8A952A221C7E00B087B9 /* random-dogs.app */ = {isa = PBXFileReference; explicitFileType = wrapper.application; includeInIndex = 0; path = "random-dogs.app"; sourceTree = BUILT_PRODUCTS_DIR; };
		419D8A982A221C7E00B087B9 /* AppDelegate.swift */ = {isa = PBXFileReference; lastKnownFileType = sourcecode.swift; path = AppDelegate.swift; sourceTree = "<group>"; };
		419D8A9A2A221C7E00B087B9 /* SceneDelegate.swift */ = {isa = PBXFileReference; lastKnownFileType = sourcecode.swift; path = SceneDelegate.swift; sourceTree = "<group>"; };
		419D8A9C2A221C7E00B087B9 /* ViewController.swift */ = {isa = PBXFileReference; lastKnownFileType = sourcecode.swift; path = ViewController.swift; sourceTree = "<group>"; };
		419D8A9F2A221C7E00B087B9 /* Base */ = {isa = PBXFileReference; lastKnownFileType = file.storyboard; name = Base; path = Base.lproj/Main.storyboard; sourceTree = "<group>"; };
		419D8AA12A221C7E00B087B9 /* Assets.xcassets */ = {isa = PBXFileReference; lastKnownFileType = folder.assetcatalog; path = Assets.xcassets; sourceTree = "<group>"; };
		419D8AA42A221C7E00B087B9 /* Base */ = {isa = PBXFileReference; lastKnownFileType = file.storyboard; name = Base; path = Base.lproj/LaunchScreen.storyboard; sourceTree = "<group>"; };
		419D8AA62A221C7E00B087B9 /* Info.plist */ = {isa = PBXFileReference; lastKnownFileType = text.plist.xml; path = Info.plist; sourceTree = "<group>"; };
		419D8AAB2A221C7F00B087B9 /* random-dogsTests.xctest */ = {isa = PBXFileReference; explicitFileType = wrapper.cfbundle; includeInIndex = 0; path = "random-dogsTests.xctest"; sourceTree = BUILT_PRODUCTS_DIR; };
		419D8AAF2A221C7F00B087B9 /* random_dogsTests.swift */ = {isa = PBXFileReference; lastKnownFileType = sourcecode.swift; path = random_dogsTests.swift; sourceTree = "<group>"; };
		419D8AB52A221C7F00B087B9 /* random-dogsUITests.xctest */ = {isa = PBXFileReference; explicitFileType = wrapper.cfbundle; includeInIndex = 0; path = "random-dogsUITests.xctest"; sourceTree = BUILT_PRODUCTS_DIR; };
		419D8AB92A221C7F00B087B9 /* random_dogsUITests.swift */ = {isa = PBXFileReference; lastKnownFileType = sourcecode.swift; path = random_dogsUITests.swift; sourceTree = "<group>"; };
		419D8ABB2A221C7F00B087B9 /* random_dogsUITestsLaunchTests.swift */ = {isa = PBXFileReference; lastKnownFileType = sourcecode.swift; path = random_dogsUITestsLaunchTests.swift; sourceTree = "<group>"; };
/* End PBXFileReference section */

/* Begin PBXFrameworksBuildPhase section */
		419D8A922A221C7E00B087B9 /* Frameworks */ = {
			isa = PBXFrameworksBuildPhase;
			buildActionMask = 2147483647;
			files = (
			);
			runOnlyForDeploymentPostprocessing = 0;
		};
		419D8AA82A221C7F00B087B9 /* Frameworks */ = {
			isa = PBXFrameworksBuildPhase;
			buildActionMask = 2147483647;
			files = (
			);
			runOnlyForDeploymentPostprocessing = 0;
		};
		419D8AB22A221C7F00B087B9 /* Frameworks */ = {
			isa = PBXFrameworksBuildPhase;
			buildActionMask = 2147483647;
			files = (
			);
			runOnlyForDeploymentPostprocessing = 0;
		};
/* End PBXFrameworksBuildPhase section */

/* Begin PBXGroup section */
		419D8A8C2A221C7E00B087B9 = {
			isa = PBXGroup;
			children = (
				419D8A972A221C7E00B087B9 /* random-dogs */,
				419D8AAE2A221C7F00B087B9 /* random-dogsTests */,
				419D8AB82A221C7F00B087B9 /* random-dogsUITests */,
				419D8A962A221C7E00B087B9 /* Products */,
			);
			sourceTree = "<group>";
		};
		419D8A962A221C7E00B087B9 /* Products */ = {
			isa = PBXGroup;
			children = (
				419D8A952A221C7E00B087B9 /* random-dogs.app */,
				419D8AAB2A221C7F00B087B9 /* random-dogsTests.xctest */,
				419D8AB52A221C7F00B087B9 /* random-dogsUITests.xctest */,
			);
			name = Products;
			sourceTree = "<group>";
		};
		419D8A972A221C7E00B087B9 /* random-dogs */ = {
			isa = PBXGroup;
			children = (
				419D8A982A221C7E00B087B9 /* AppDelegate.swift */,
				419D8A9A2A221C7E00B087B9 /* SceneDelegate.swift */,
				419D8A9C2A221C7E00B087B9 /* ViewController.swift */,
				419D8A9E2A221C7E00B087B9 /* Main.storyboard */,
				419D8AA12A221C7E00B087B9 /* Assets.xcassets */,
				419D8AA32A221C7E00B087B9 /* LaunchScreen.storyboard */,
				419D8AA62A221C7E00B087B9 /* Info.plist */,
			);
			path = "random-dogs";
			sourceTree = "<group>";
		};
		419D8AAE2A221C7F00B087B9 /* random-dogsTests */ = {
			isa = PBXGroup;
			children = (
				419D8AAF2A221C7F00B087B9 /* random_dogsTests.swift */,
			);
			path = "random-dogsTests";
			sourceTree = "<group>";
		};
		419D8AB82A221C7F00B087B9 /* random-dogsUITests */ = {
			isa = PBXGroup;
			children = (
				419D8AB92A221C7F00B087B9 /* random_dogsUITests.swift */,
				419D8ABB2A221C7F00B087B9 /* random_dogsUITestsLaunchTests.swift */,
			);
			path = "random-dogsUITests";
			sourceTree = "<group>";
		};
/* End PBXGroup section */

/* Begin PBXNativeTarget section */
		419D8A942A221C7E00B087B9 /* random-dogs */ = {
			isa = PBXNativeTarget;
			buildConfigurationList = 419D8ABF2A221C7F00B087B9 /* Build configuration list for PBXNativeTarget "random-dogs" */;
			buildPhases = (
				419D8A912A221C7E00B087B9 /* Sources */,
				419D8A922A221C7E00B087B9 /* Frameworks */,
				419D8A932A221C7E00B087B9 /* Resources */,
			);
			buildRules = (
			);
			dependencies = (
			);
			name = "random-dogs";
			productName = "random-dogs";
			productReference = 419D8A952A221C7E00B087B9 /* random-dogs.app */;
			productType = "com.apple.product-type.application";
		};
		419D8AAA2A221C7F00B087B9 /* random-dogsTests */ = {
			isa = PBXNativeTarget;
			buildConfigurationList = 419D8AC22A221C7F00B087B9 /* Build configuration list for PBXNativeTarget "random-dogsTests" */;
			buildPhases = (
				419D8AA72A221C7F00B087B9 /* Sources */,
				419D8AA82A221C7F00B087B9 /* Frameworks */,
				419D8AA92A221C7F00B087B9 /* Resources */,
			);
			buildRules = (
			);
			dependencies = (
				419D8AAD2A221C7F00B087B9 /* PBXTargetDependency */,
			);
			name = "random-dogsTests";
			productName = "random-dogsTests";
			productReference = 419D8AAB2A221C7F00B087B9 /* random-dogsTests.xctest */;
			productType = "com.apple.product-type.bundle.unit-test";
		};
		419D8AB42A221C7F00B087B9 /* random-dogsUITests */ = {
			isa = PBXNativeTarget;
			buildConfigurationList = 419D8AC52A221C7F00B087B9 /* Build configuration list for PBXNativeTarget "random-dogsUITests" */;
			buildPhases = (
				419D8AB12A221C7F00B087B9 /* Sources */,
				419D8AB22A221C7F00B087B9 /* Frameworks */,
				419D8AB32A221C7F00B087B9 /* Resources */,
			);
			buildRules = (
			);
			dependencies = (
				419D8AB72A221C7F00B087B9 /* PBXTargetDependency */,
			);
			name = "random-dogsUITests";
			productName = "random-dogsUITests";
			productReference = 419D8AB52A221C7F00B087B9 /* random-dogsUITests.xctest */;
			productType = "com.apple.product-type.bundle.ui-testing";
		};
/* End PBXNativeTarget section */

/* Begin PBXProject section */
		419D8A8D2A221C7E00B087B9 /* Project object */ = {
			isa = PBXProject;
			attributes = {
				BuildIndependentTargetsInParallel = 1;
				LastSwiftUpdateCheck = 1430;
				LastUpgradeCheck = 1430;
				TargetAttributes = {
					419D8A942A221C7E00B087B9 = {
						CreatedOnToolsVersion = 14.3;
					};
					419D8AAA2A221C7F00B087B9 = {
						CreatedOnToolsVersion = 14.3;
						TestTargetID = 419D8A942A221C7E00B087B9;
					};
					419D8AB42A221C7F00B087B9 = {
						CreatedOnToolsVersion = 14.3;
						TestTargetID = 419D8A942A221C7E00B087B9;
					};
				};
			};
			buildConfigurationList = 419D8A902A221C7E00B087B9 /* Build configuration list for PBXProject "random-dogs" */;
			compatibilityVersion = "Xcode 14.0";
			developmentRegion = en;
			hasScannedForEncodings = 0;
			knownRegions = (
				en,
				Base,
			);
			mainGroup = 419D8A8C2A221C7E00B087B9;
			productRefGroup = 419D8A962A221C7E00B087B9 /* Products */;
			projectDirPath = "";
			projectRoot = "";
			targets = (
				419D8A942A221C7E00B087B9 /* random-dogs */,
				419D8AAA2A221C7F00B087B9 /* random-dogsTests */,
				419D8AB42A221C7F00B087B9 /* random-dogsUITests */,
			);
		};
/* End PBXProject section */

/* Begin PBXResourcesBuildPhase section */
		419D8A932A221C7E00B087B9 /* Resources */ = {
			isa = PBXResourcesBuildPhase;
			buildActionMask = 2147483647;
			files = (
				419D8AA52A221C7E00B087B9 /* LaunchScreen.storyboard in Resources */,
				419D8AA22A221C7E00B087B9 /* Assets.xcassets in Resources */,
				419D8AA02A221C7E00B087B9 /* Main.storyboard in Resources */,
			);
			runOnlyForDeploymentPostprocessing = 0;
		};
		419D8AA92A221C7F00B087B9 /* Resources */ = {
			isa = PBXResourcesBuildPhase;
			buildActionMask = 2147483647;
			files = (
			);
			runOnlyForDeploymentPostprocessing = 0;
		};
		419D8AB32A221C7F00B087B9 /* Resources */ = {
			isa = PBXResourcesBuildPhase;
			buildActionMask = 2147483647;
			files = (
			);
			runOnlyForDeploymentPostprocessing = 0;
		};
/* End PBXResourcesBuildPhase section */

/* Begin PBXSourcesBuildPhase section */
		419D8A912A221C7E00B087B9 /* Sources */ = {
			isa = PBXSourcesBuildPhase;
			buildActionMask = 2147483647;
			files = (
				419D8A9D2A221C7E00B087B9 /* ViewController.swift in Sources */,
				419D8A992A221C7E00B087B9 /* AppDelegate.swift in Sources */,
				419D8A9B2A221C7E00B087B9 /* SceneDelegate.swift in Sources */,
			);
			runOnlyForDeploymentPostprocessing = 0;
		};
		419D8AA72A221C7F00B087B9 /* Sources */ = {
			isa = PBXSourcesBuildPhase;
			buildActionMask = 2147483647;
			files = (
				419D8AB02A221C7F00B087B9 /* random_dogsTests.swift in Sources */,
			);
			runOnlyForDeploymentPostprocessing = 0;
		};
		419D8AB12A221C7F00B087B9 /* Sources */ = {
			isa = PBXSourcesBuildPhase;
			buildActionMask = 2147483647;
			files = (
				419D8ABC2A221C7F00B087B9 /* random_dogsUITestsLaunchTests.swift in Sources */,
				419D8ABA2A221C7F00B087B9 /* random_dogsUITests.swift in Sources */,
			);
			runOnlyForDeploymentPostprocessing = 0;
		};
/* End PBXSourcesBuildPhase section */

/* Begin PBXTargetDependency section */
		419D8AAD2A221C7F00B087B9 /* PBXTargetDependency */ = {
			isa = PBXTargetDependency;
			target = 419D8A942A221C7E00B087B9 /* random-dogs */;
			targetProxy = 419D8AAC2A221C7F00B087B9 /* PBXContainerItemProxy */;
		};
		419D8AB72A221C7F00B087B9 /* PBXTargetDependency */ = {
			isa = PBXTargetDependency;
			target = 419D8A942A221C7E00B087B9 /* random-dogs */;
			targetProxy = 419D8AB62A221C7F00B087B9 /* PBXContainerItemProxy */;
		};
/* End PBXTargetDependency section */

/* Begin PBXVariantGroup section */
		419D8A9E2A221C7E00B087B9 /* Main.storyboard */ = {
			isa = PBXVariantGroup;
			children = (
				419D8A9F2A221C7E00B087B9 /* Base */,
			);
			name = Main.storyboard;
			sourceTree = "<group>";
		};
		419D8AA32A221C7E00B087B9 /* LaunchScreen.storyboard */ = {
			isa = PBXVariantGroup;
			children = (
				419D8AA42A221C7E00B087B9 /* Base */,
			);
			name = LaunchScreen.storyboard;
			sourceTree = "<group>";
		};
/* End PBXVariantGroup section */

/* Begin XCBuildConfiguration section */
		419D8ABD2A221C7F00B087B9 /* Debug */ = {
			isa = XCBuildConfiguration;
			buildSettings = {
				ALWAYS_SEARCH_USER_PATHS = NO;
				CLANG_ANALYZER_NONNULL = YES;
				CLANG_ANALYZER_NUMBER_OBJECT_CONVERSION = YES_AGGRESSIVE;
				CLANG_CXX_LANGUAGE_STANDARD = "gnu++20";
				CLANG_ENABLE_MODULES = YES;
				CLANG_ENABLE_OBJC_ARC = YES;
				CLANG_ENABLE_OBJC_WEAK = YES;
				CLANG_WARN_BLOCK_CAPTURE_AUTORELEASING = YES;
				CLANG_WARN_BOOL_CONVERSION = YES;
				CLANG_WARN_COMMA = YES;
				CLANG_WARN_CONSTANT_CONVERSION = YES;
				CLANG_WARN_DEPRECATED_OBJC_IMPLEMENTATIONS = YES;
				CLANG_WARN_DIRECT_OBJC_ISA_USAGE = YES_ERROR;
				CLANG_WARN_DOCUMENTATION_COMMENTS = YES;
				CLANG_WARN_EMPTY_BODY = YES;
				CLANG_WARN_ENUM_CONVERSION = YES;
				CLANG_WARN_INFINITE_RECURSION = YES;
				CLANG_WARN_INT_CONVERSION = YES;
				CLANG_WARN_NON_LITERAL_NULL_CONVERSION = YES;
				CLANG_WARN_OBJC_IMPLICIT_RETAIN_SELF = YES;
				CLANG_WARN_OBJC_LITERAL_CONVERSION = YES;
				CLANG_WARN_OBJC_ROOT_CLASS = YES_ERROR;
				CLANG_WARN_QUOTED_INCLUDE_IN_FRAMEWORK_HEADER = YES;
				CLANG_WARN_RANGE_LOOP_ANALYSIS = YES;
				CLANG_WARN_STRICT_PROTOTYPES = YES;
				CLANG_WARN_SUSPICIOUS_MOVE = YES;
				CLANG_WARN_UNGUARDED_AVAILABILITY = YES_AGGRESSIVE;
				CLANG_WARN_UNREACHABLE_CODE = YES;
				CLANG_WARN__DUPLICATE_METHOD_MATCH = YES;
				COPY_PHASE_STRIP = NO;
				DEBUG_INFORMATION_FORMAT = dwarf;
				ENABLE_STRICT_OBJC_MSGSEND = YES;
				ENABLE_TESTABILITY = YES;
				GCC_C_LANGUAGE_STANDARD = gnu11;
				GCC_DYNAMIC_NO_PIC = NO;
				GCC_NO_COMMON_BLOCKS = YES;
				GCC_OPTIMIZATION_LEVEL = 0;
				GCC_PREPROCESSOR_DEFINITIONS = (
					"DEBUG=1",
					"$(inherited)",
				);
				GCC_WARN_64_TO_32_BIT_CONVERSION = YES;
				GCC_WARN_ABOUT_RETURN_TYPE = YES_ERROR;
				GCC_WARN_UNDECLARED_SELECTOR = YES;
				GCC_WARN_UNINITIALIZED_AUTOS = YES_AGGRESSIVE;
				GCC_WARN_UNUSED_FUNCTION = YES;
				GCC_WARN_UNUSED_VARIABLE = YES;
				IPHONEOS_DEPLOYMENT_TARGET = 16.4;
				MTL_ENABLE_DEBUG_INFO = INCLUDE_SOURCE;
				MTL_FAST_MATH = YES;
				ONLY_ACTIVE_ARCH = YES;
				SDKROOT = iphoneos;
				SWIFT_ACTIVE_COMPILATION_CONDITIONS = DEBUG;
				SWIFT_OPTIMIZATION_LEVEL = "-Onone";
			};
			name = Debug;
		};
		419D8ABE2A221C7F00B087B9 /* Release */ = {
			isa = XCBuildConfiguration;
			buildSettings = {
				ALWAYS_SEARCH_USER_PATHS = NO;
				CLANG_ANALYZER_NONNULL = YES;
				CLANG_ANALYZER_NUMBER_OBJECT_CONVERSION = YES_AGGRESSIVE;
				CLANG_CXX_LANGUAGE_STANDARD = "gnu++20";
				CLANG_ENABLE_MODULES = YES;
				CLANG_ENABLE_OBJC_ARC = YES;
				CLANG_ENABLE_OBJC_WEAK = YES;
				CLANG_WARN_BLOCK_CAPTURE_AUTORELEASING = YES;
				CLANG_WARN_BOOL_CONVERSION = YES;
				CLANG_WARN_COMMA = YES;
				CLANG_WARN_CONSTANT_CONVERSION = YES;
				CLANG_WARN_DEPRECATED_OBJC_IMPLEMENTATIONS = YES;
				CLANG_WARN_DIRECT_OBJC_ISA_USAGE = YES_ERROR;
				CLANG_WARN_DOCUMENTATION_COMMENTS = YES;
				CLANG_WARN_EMPTY_BODY = YES;
				CLANG_WARN_ENUM_CONVERSION = YES;
				CLANG_WARN_INFINITE_RECURSION = YES;
				CLANG_WARN_INT_CONVERSION = YES;
				CLANG_WARN_NON_LITERAL_NULL_CONVERSION = YES;
				CLANG_WARN_OBJC_IMPLICIT_RETAIN_SELF = YES;
				CLANG_WARN_OBJC_LITERAL_CONVERSION = YES;
				CLANG_WARN_OBJC_ROOT_CLASS = YES_ERROR;
				CLANG_WARN_QUOTED_INCLUDE_IN_FRAMEWORK_HEADER = YES;
				CLANG_WARN_RANGE_LOOP_ANALYSIS = YES;
				CLANG_WARN_STRICT_PROTOTYPES = YES;
				CLANG_WARN_SUSPICIOUS_MOVE = YES;
				CLANG_WARN_UNGUARDED_AVAILABILITY = YES_AGGRESSIVE;
				CLANG_WARN_UNREACHABLE_CODE = YES;
				CLANG_WARN__DUPLICATE_METHOD_MATCH = YES;
				COPY_PHASE_STRIP = NO;
				DEBUG_INFORMATION_FORMAT = "dwarf-with-dsym";
				ENABLE_NS_ASSERTIONS = NO;
				ENABLE_STRICT_OBJC_MSGSEND = YES;
				GCC_C_LANGUAGE_STANDARD = gnu11;
				GCC_NO_COMMON_BLOCKS = YES;
				GCC_WARN_64_TO_32_BIT_CONVERSION = YES;
				GCC_WARN_ABOUT_RETURN_TYPE = YES_ERROR;
				GCC_WARN_UNDECLARED_SELECTOR = YES;
				GCC_WARN_UNINITIALIZED_AUTOS = YES_AGGRESSIVE;
				GCC_WARN_UNUSED_FUNCTION = YES;
				GCC_WARN_UNUSED_VARIABLE = YES;
				IPHONEOS_DEPLOYMENT_TARGET = 16.4;
				MTL_ENABLE_DEBUG_INFO = NO;
				MTL_FAST_MATH = YES;
				SDKROOT = iphoneos;
				SWIFT_COMPILATION_MODE = wholemodule;
				SWIFT_OPTIMIZATION_LEVEL = "-O";
				VALIDATE_PRODUCT = YES;
			};
			name = Release;
		};
		419D8AC02A221C7F00B087B9 /* Debug */ = {
			isa = XCBuildConfiguration;
			buildSettings = {
				ASSETCATALOG_COMPILER_APPICON_NAME = AppIcon;
				ASSETCATALOG_COMPILER_GLOBAL_ACCENT_COLOR_NAME = AccentColor;
				CODE_SIGN_STYLE = Automatic;
				CURRENT_PROJECT_VERSION = 1;
				GENERATE_INFOPLIST_FILE = YES;
				INFOPLIST_FILE = "random-dogs/Info.plist";
				INFOPLIST_KEY_UIApplicationSupportsIndirectInputEvents = YES;
				INFOPLIST_KEY_UILaunchStoryboardName = LaunchScreen;
				INFOPLIST_KEY_UIMainStoryboardFile = Main;
				INFOPLIST_KEY_UISupportedInterfaceOrientations_iPad = "UIInterfaceOrientationPortrait UIInterfaceOrientationPortraitUpsideDown UIInterfaceOrientationLandscapeLeft UIInterfaceOrientationLandscapeRight";
				INFOPLIST_KEY_UISupportedInterfaceOrientations_iPhone = "UIInterfaceOrientationPortrait UIInterfaceOrientationLandscapeLeft UIInterfaceOrientationLandscapeRight";
				LD_RUNPATH_SEARCH_PATHS = (
					"$(inherited)",
					"@executable_path/Frameworks",
				);
				MARKETING_VERSION = 1.0;
				PRODUCT_BUNDLE_IDENTIFIER = "JisuCompany.random-dogs";
				PRODUCT_NAME = "$(TARGET_NAME)";
				SWIFT_EMIT_LOC_STRINGS = YES;
				SWIFT_VERSION = 5.0;
				TARGETED_DEVICE_FAMILY = "1,2";
			};
			name = Debug;
		};
		419D8AC12A221C7F00B087B9 /* Release */ = {
			isa = XCBuildConfiguration;
			buildSettings = {
				ASSETCATALOG_COMPILER_APPICON_NAME = AppIcon;
				ASSETCATALOG_COMPILER_GLOBAL_ACCENT_COLOR_NAME = AccentColor;
				CODE_SIGN_STYLE = Automatic;
				CURRENT_PROJECT_VERSION = 1;
				GENERATE_INFOPLIST_FILE = YES;
				INFOPLIST_FILE = "random-dogs/Info.plist";
				INFOPLIST_KEY_UIApplicationSupportsIndirectInputEvents = YES;
				INFOPLIST_KEY_UILaunchStoryboardName = LaunchScreen;
				INFOPLIST_KEY_UIMainStoryboardFile = Main;
				INFOPLIST_KEY_UISupportedInterfaceOrientations_iPad = "UIInterfaceOrientationPortrait UIInterfaceOrientationPortraitUpsideDown UIInterfaceOrientationLandscapeLeft UIInterfaceOrientationLandscapeRight";
				INFOPLIST_KEY_UISupportedInterfaceOrientations_iPhone = "UIInterfaceOrientationPortrait UIInterfaceOrientationLandscapeLeft UIInterfaceOrientationLandscapeRight";
				LD_RUNPATH_SEARCH_PATHS = (
					"$(inherited)",
					"@executable_path/Frameworks",
				);
				MARKETING_VERSION = 1.0;
				PRODUCT_BUNDLE_IDENTIFIER = "JisuCompany.random-dogs";
				PRODUCT_NAME = "$(TARGET_NAME)";
				SWIFT_EMIT_LOC_STRINGS = YES;
				SWIFT_VERSION = 5.0;
				TARGETED_DEVICE_FAMILY = "1,2";
			};
			name = Release;
		};
		419D8AC32A221C7F00B087B9 /* Debug */ = {
			isa = XCBuildConfiguration;
			buildSettings = {
				ALWAYS_EMBED_SWIFT_STANDARD_LIBRARIES = YES;
				BUNDLE_LOADER = "$(TEST_HOST)";
				CODE_SIGN_STYLE = Automatic;
				CURRENT_PROJECT_VERSION = 1;
				GENERATE_INFOPLIST_FILE = YES;
				IPHONEOS_DEPLOYMENT_TARGET = 16.4;
				MARKETING_VERSION = 1.0;
				PRODUCT_BUNDLE_IDENTIFIER = "JisuCompany.random-dogsTests";
				PRODUCT_NAME = "$(TARGET_NAME)";
				SWIFT_EMIT_LOC_STRINGS = NO;
				SWIFT_VERSION = 5.0;
				TARGETED_DEVICE_FAMILY = "1,2";
				TEST_HOST = "$(BUILT_PRODUCTS_DIR)/random-dogs.app/$(BUNDLE_EXECUTABLE_FOLDER_PATH)/random-dogs";
			};
			name = Debug;
		};
		419D8AC42A221C7F00B087B9 /* Release */ = {
			isa = XCBuildConfiguration;
			buildSettings = {
				ALWAYS_EMBED_SWIFT_STANDARD_LIBRARIES = YES;
				BUNDLE_LOADER = "$(TEST_HOST)";
				CODE_SIGN_STYLE = Automatic;
				CURRENT_PROJECT_VERSION = 1;
				GENERATE_INFOPLIST_FILE = YES;
				IPHONEOS_DEPLOYMENT_TARGET = 16.4;
				MARKETING_VERSION = 1.0;
				PRODUCT_BUNDLE_IDENTIFIER = "JisuCompany.random-dogsTests";
				PRODUCT_NAME = "$(TARGET_NAME)";
				SWIFT_EMIT_LOC_STRINGS = NO;
				SWIFT_VERSION = 5.0;
				TARGETED_DEVICE_FAMILY = "1,2";
				TEST_HOST = "$(BUILT_PRODUCTS_DIR)/random-dogs.app/$(BUNDLE_EXECUTABLE_FOLDER_PATH)/random-dogs";
			};
			name = Release;
		};
		419D8AC62A221C7F00B087B9 /* Debug */ = {
			isa = XCBuildConfiguration;
			buildSettings = {
				ALWAYS_EMBED_SWIFT_STANDARD_LIBRARIES = YES;
				CODE_SIGN_STYLE = Automatic;
				CURRENT_PROJECT_VERSION = 1;
				GENERATE_INFOPLIST_FILE = YES;
				MARKETING_VERSION = 1.0;
				PRODUCT_BUNDLE_IDENTIFIER = "JisuCompany.random-dogsUITests";
				PRODUCT_NAME = "$(TARGET_NAME)";
				SWIFT_EMIT_LOC_STRINGS = NO;
				SWIFT_VERSION = 5.0;
				TARGETED_DEVICE_FAMILY = "1,2";
				TEST_TARGET_NAME = "random-dogs";
			};
			name = Debug;
		};
		419D8AC72A221C7F00B087B9 /* Release */ = {
			isa = XCBuildConfiguration;
			buildSettings = {
				ALWAYS_EMBED_SWIFT_STANDARD_LIBRARIES = YES;
				CODE_SIGN_STYLE = Automatic;
				CURRENT_PROJECT_VERSION = 1;
				GENERATE_INFOPLIST_FILE = YES;
				MARKETING_VERSION = 1.0;
				PRODUCT_BUNDLE_IDENTIFIER = "JisuCompany.random-dogsUITests";
				PRODUCT_NAME = "$(TARGET_NAME)";
				SWIFT_EMIT_LOC_STRINGS = NO;
				SWIFT_VERSION = 5.0;
				TARGETED_DEVICE_FAMILY = "1,2";
				TEST_TARGET_NAME = "random-dogs";
			};
			name = Release;
		};
/* End XCBuildConfiguration section */

/* Begin XCConfigurationList section */
		419D8A902A221C7E00B087B9 /* Build configuration list for PBXProject "random-dogs" */ = {
			isa = XCConfigurationList;
			buildConfigurations = (
				419D8ABD2A221C7F00B087B9 /* Debug */,
				419D8ABE2A221C7F00B087B9 /* Release */,
			);
			defaultConfigurationIsVisible = 0;
			defaultConfigurationName = Release;
		};
		419D8ABF2A221C7F00B087B9 /* Build configuration list for PBXNativeTarget "random-dogs" */ = {
			isa = XCConfigurationList;
			buildConfigurations = (
				419D8AC02A221C7F00B087B9 /* Debug */,
				419D8AC12A221C7F00B087B9 /* Release */,
			);
			defaultConfigurationIsVisible = 0;
			defaultConfigurationName = Release;
		};
		419D8AC22A221C7F00B087B9 /* Build configuration list for PBXNativeTarget "random-dogsTests" */ = {
			isa = XCConfigurationList;
			buildConfigurations = (
				419D8AC32A221C7F00B087B9 /* Debug */,
				419D8AC42A221C7F00B087B9 /* Release */,
			);
			defaultConfigurationIsVisible = 0;
			defaultConfigurationName = Release;
		};
		419D8AC52A221C7F00B087B9 /* Build configuration list for PBXNativeTarget "random-dogsUITests" */ = {
			isa = XCConfigurationList;
			buildConfigurations = (
				419D8AC62A221C7F00B087B9 /* Debug */,
				419D8AC72A221C7F00B087B9 /* Release */,
			);
			defaultConfigurationIsVisible = 0;
			defaultConfigurationName = Release;
		};
/* End XCConfigurationList section */
	};
	rootObject = 419D8A8D2A221C7E00B087B9 /* Project object */;
}
