PODS:
  - Alamofire (5.7.1)
  - Pageboy (4.0.2)
  - Tabman (3.0.1):
    - Pageboy (~> 4.0.2)

DEPENDENCIES:
  - Alamofire
  - Tabman (~> 3.0)

SPEC REPOS:
  trunk:
    - Alamofire
    - Pageboy
    - Tabman

SPEC CHECKSUMS:
  Alamofire: 0123a34370cb170936ae79a8df46cc62b2edeb88
  Pageboy: 34ff11e8d1041b81769d5bcde9b19a0cb7218bd9
  Tabman: a5880789298f81d3f2cdd6510b54ae637cfd8e09

PODFILE CHECKSUM: b67aabcc414dc9e0135997b670c6a672d6929362

COCOAPODS: 1.12.1
